{
  "object": {
    "pins": [
      {
        "package": "GLMSwift",
        "repositoryURL": "https://github.com/MarSe32m/GLMSwift.git",
        "state": {
          "branch": "main",
          "revision": "7b9761cb189d8fc5d207773fe1a6503257f1b7f3",
          "version": null
        }
      },
      {
        "package": "sebbu-bitstream",
        "repositoryURL": "https://github.com/MarSe32m/sebbu-bitstream.git",
        "state": {
          "branch": "main",
          "revision": "d3b55230d3694397a9d60d99e911790c507e1556",
          "version": null
        }
      },
      {
        "package": "sebbu-cryptography",
        "repositoryURL": "https://github.com/MarSe32m/sebbu-cryptography.git",
        "state": {
          "branch": "main",
          "revision": "1bcc7b01d12e950dd3ce49e23dca6c269904fe46",
          "version": null
        }
      },
      {
        "package": "swift-atomics",
        "repositoryURL": "https://github.com/apple/swift-atomics.git",
        "state": {
          "branch": "main",
          "revision": "ca13c9bd7b71c26218dc0bdd65ba869abd5a78af",
          "version": null
        }
      },
      {
        "package": "swift-collections",
        "repositoryURL": "https://github.com/apple/swift-collections.git",
        "state": {
          "branch": "main",
          "revision": "22dc81b89fc1dee9d52c6a3fcfa1fcd08f184ae8",
          "version": null
        }
      },
      {
        "package": "swift-crypto",
        "repositoryURL": "https://github.com/apple/swift-crypto.git",
        "state": {
          "branch": "main",
          "revision": "172d71fdc3c35a131ce78a8d9692c30910fb073d",
          "version": null
        }
      },
      {
        "package": "swift-nio",
        "repositoryURL": "https://github.com/apple/swift-nio.git",
        "state": {
          "branch": "main",
          "revision": "b5c662adfcea5912886d4fd57760d5d14ea39378",
          "version": null
        }
      },
      {
        "package": "swift-nio-extras",
        "repositoryURL": "https://github.com/apple/swift-nio-extras.git",
        "state": {
          "branch": "main",
          "revision": "6f8038f8ddb08967970399b9fa0b92164b9be8f8",
          "version": null
        }
      }
    ]
  },
  "version": 1
}
